
Microsoft Visual Studio Solution File, Format Version 12.00
# Visual Studio Version 16
VisualStudioVersion = 16.0.31729.503
MinimumVisualStudioVersion = 10.0.40219.1
Project("{FAE04EC0-301F-11D3-BF4B-00C04F79EFBC}") = "POS_CF", "POS_CF\POS_CF.csproj", "{122054B9-A106-42E0-85AB-64E509A39F4E}"
EndProject
Global
	GlobalSection(SolutionConfigurationPlatforms) = preSolution
		Debug|Any CPU = Debug|Any CPU
		Release|Any CPU = Release|Any CPU
	EndGlobalSection
	GlobalSection(ProjectConfigurationPlatforms) = postSolution
		{122054B9-A106-42E0-85AB-64E509A39F4E}.Debug|Any CPU.ActiveCfg = Debug|Any CPU
		{122054B9-A106-42E0-85AB-64E509A39F4E}.Debug|Any CPU.Build.0 = Debug|Any CPU
		{122054B9-A106-42E0-85AB-64E509A39F4E}.Release|Any CPU.ActiveCfg = Release|Any CPU
		{122054B9-A106-42E0-85AB-64E509A39F4E}.Release|Any CPU.Build.0 = Release|Any CPU
	EndGlobalSection
	GlobalSection(SolutionProperties) = preSolution
		HideSolutionNode = FALSE
	EndGlobalSection
	GlobalSection(ExtensibilityGlobals) = postSolution
		SolutionGuid = {4906554A-749D-4D98-A894-C6550FFFB4CA}
	EndGlobalSection
EndGlobal
